
Microsoft Visual Studio Solution File, Format Version 12.00
# Visual Studio Version 17
VisualStudioVersion = 17.4.33213.308
MinimumVisualStudioVersion = 10.0.40219.1
Project("{FAE04EC0-301F-11D3-BF4B-00C04F79EFBC}") = "LayoutViewsExample", "LayoutViewsExample\LayoutViewsExample.csproj", "{B343983E-5D10-4FFE-8C65-0AC654A15928}"
EndProject
Global
	GlobalSection(SolutionConfigurationPlatforms) = preSolution
		Debug|Any CPU = Debug|Any CPU
		Release|Any CPU = Release|Any CPU
	EndGlobalSection
	GlobalSection(ProjectConfigurationPlatforms) = postSolution
		{B343983E-5D10-4FFE-8C65-0AC654A15928}.Debug|Any CPU.ActiveCfg = Debug|Any CPU
		{B343983E-5D10-4FFE-8C65-0AC654A15928}.Debug|Any CPU.Build.0 = Debug|Any CPU
		{B343983E-5D10-4FFE-8C65-0AC654A15928}.Release|Any CPU.ActiveCfg = Release|Any CPU
		{B343983E-5D10-4FFE-8C65-0AC654A15928}.Release|Any CPU.Build.0 = Release|Any CPU
	EndGlobalSection
	GlobalSection(SolutionProperties) = preSolution
		HideSolutionNode = FALSE
	EndGlobalSection
	GlobalSection(ExtensibilityGlobals) = postSolution
		SolutionGuid = {077C0F4A-3DE0-40D3-94DF-D92EF4211FD3}
	EndGlobalSection
EndGlobal
