
Microsoft Visual Studio Solution File, Format Version 12.00
# Visual Studio Version 17
VisualStudioVersion = 17.4.33213.308
MinimumVisualStudioVersion = 10.0.40219.1
Project("{FAE04EC0-301F-11D3-BF4B-00C04F79EFBC}") = "ControllerExample", "ControllerExample\ControllerExample.csproj", "{7A6F52D3-6E62-46B4-81D8-5E621E268252}"
EndProject
Global
	GlobalSection(SolutionConfigurationPlatforms) = preSolution
		Debug|Any CPU = Debug|Any CPU
		Release|Any CPU = Release|Any CPU
	EndGlobalSection
	GlobalSection(ProjectConfigurationPlatforms) = postSolution
		{7A6F52D3-6E62-46B4-81D8-5E621E268252}.Debug|Any CPU.ActiveCfg = Debug|Any CPU
		{7A6F52D3-6E62-46B4-81D8-5E621E268252}.Debug|Any CPU.Build.0 = Debug|Any CPU
		{7A6F52D3-6E62-46B4-81D8-5E621E268252}.Release|Any CPU.ActiveCfg = Release|Any CPU
		{7A6F52D3-6E62-46B4-81D8-5E621E268252}.Release|Any CPU.Build.0 = Release|Any CPU
	EndGlobalSection
	GlobalSection(SolutionProperties) = preSolution
		HideSolutionNode = FALSE
	EndGlobalSection
	GlobalSection(ExtensibilityGlobals) = postSolution
		SolutionGuid = {7267F014-2B93-46B6-99E9-264FBD52DEEA}
	EndGlobalSection
EndGlobal
