
Microsoft Visual Studio Solution File, Format Version 12.00
# Visual Studio Version 17
VisualStudioVersion = 17.4.33213.308
MinimumVisualStudioVersion = 10.0.40219.1
Project("{FAE04EC0-301F-11D3-BF4B-00C04F79EFBC}") = "BankApp", "BankApp\BankApp.csproj", "{1196F9C6-FE65-4D33-AE5E-C742E1221974}"
EndProject
Global
	GlobalSection(SolutionConfigurationPlatforms) = preSolution
		Debug|Any CPU = Debug|Any CPU
		Release|Any CPU = Release|Any CPU
	EndGlobalSection
	GlobalSection(ProjectConfigurationPlatforms) = postSolution
		{1196F9C6-FE65-4D33-AE5E-C742E1221974}.Debug|Any CPU.ActiveCfg = Debug|Any CPU
		{1196F9C6-FE65-4D33-AE5E-C742E1221974}.Debug|Any CPU.Build.0 = Debug|Any CPU
		{1196F9C6-FE65-4D33-AE5E-C742E1221974}.Release|Any CPU.ActiveCfg = Release|Any CPU
		{1196F9C6-FE65-4D33-AE5E-C742E1221974}.Release|Any CPU.Build.0 = Release|Any CPU
	EndGlobalSection
	GlobalSection(SolutionProperties) = preSolution
		HideSolutionNode = FALSE
	EndGlobalSection
	GlobalSection(ExtensibilityGlobals) = postSolution
		SolutionGuid = {30FC9AAD-E40C-4B59-A801-C4CAFD46D68E}
	EndGlobalSection
EndGlobal
